
Microsoft Visual Studio Solution File, Format Version 12.00
# Visual Studio Version 17
VisualStudioVersion = 17.14.36930.0
MinimumVisualStudioVersion = 10.0.40219.1
Project("{FAE04EC0-301F-11D3-BF4B-00C04F79EFBC}") = "Plantech.Bim.PhaseVisualizer", "Plantech.Bim.PhaseVisualizer\Plantech.Bim.PhaseVisualizer.csproj", "{34790F79-3C52-44C2-98D2-047475CABD42}"
EndProject
Project("{FAE04EC0-301F-11D3-BF4B-00C04F79EFBC}") = "Plantech.Bim.PhaseVisualizer.Host", "Plantech.Bim.PhaseVisualizer.Host\Plantech.Bim.PhaseVisualizer.Host.csproj", "{08416C4F-835A-41F7-BEA8-F48564E7F434}"
EndProject
Global
	GlobalSection(SolutionConfigurationPlatforms) = preSolution
		Debug|Any CPU = Debug|Any CPU
		Debug|x64 = Debug|x64
		Debug|x86 = Debug|x86
		Release|Any CPU = Release|Any CPU
		Release|x64 = Release|x64
		Release|x86 = Release|x86
	EndGlobalSection
	GlobalSection(ProjectConfigurationPlatforms) = postSolution
		{34790F79-3C52-44C2-98D2-047475CABD42}.Debug|Any CPU.ActiveCfg = Debug|Any CPU
		{34790F79-3C52-44C2-98D2-047475CABD42}.Debug|Any CPU.Build.0 = Debug|Any CPU
		{34790F79-3C52-44C2-98D2-047475CABD42}.Debug|x64.ActiveCfg = Debug|Any CPU
		{34790F79-3C52-44C2-98D2-047475CABD42}.Debug|x64.Build.0 = Debug|Any CPU
		{34790F79-3C52-44C2-98D2-047475CABD42}.Debug|x86.ActiveCfg = Debug|Any CPU
		{34790F79-3C52-44C2-98D2-047475CABD42}.Debug|x86.Build.0 = Debug|Any CPU
		{34790F79-3C52-44C2-98D2-047475CABD42}.Release|Any CPU.ActiveCfg = Release|Any CPU
		{34790F79-3C52-44C2-98D2-047475CABD42}.Release|Any CPU.Build.0 = Release|Any CPU
		{34790F79-3C52-44C2-98D2-047475CABD42}.Release|x64.ActiveCfg = Release|Any CPU
		{34790F79-3C52-44C2-98D2-047475CABD42}.Release|x64.Build.0 = Release|Any CPU
		{34790F79-3C52-44C2-98D2-047475CABD42}.Release|x86.ActiveCfg = Release|Any CPU
		{34790F79-3C52-44C2-98D2-047475CABD42}.Release|x86.Build.0 = Release|Any CPU
		{08416C4F-835A-41F7-BEA8-F48564E7F434}.Debug|Any CPU.ActiveCfg = Debug|Any CPU
		{08416C4F-835A-41F7-BEA8-F48564E7F434}.Debug|Any CPU.Build.0 = Debug|Any CPU
		{08416C4F-835A-41F7-BEA8-F48564E7F434}.Debug|x64.ActiveCfg = Debug|Any CPU
		{08416C4F-835A-41F7-BEA8-F48564E7F434}.Debug|x64.Build.0 = Debug|Any CPU
		{08416C4F-835A-41F7-BEA8-F48564E7F434}.Debug|x86.ActiveCfg = Debug|Any CPU
		{08416C4F-835A-41F7-BEA8-F48564E7F434}.Debug|x86.Build.0 = Debug|Any CPU
		{08416C4F-835A-41F7-BEA8-F48564E7F434}.Release|Any CPU.ActiveCfg = Release|Any CPU
		{08416C4F-835A-41F7-BEA8-F48564E7F434}.Release|Any CPU.Build.0 = Release|Any CPU
		{08416C4F-835A-41F7-BEA8-F48564E7F434}.Release|x64.ActiveCfg = Release|Any CPU
		{08416C4F-835A-41F7-BEA8-F48564E7F434}.Release|x64.Build.0 = Release|Any CPU
		{08416C4F-835A-41F7-BEA8-F48564E7F434}.Release|x86.ActiveCfg = Release|Any CPU
		{08416C4F-835A-41F7-BEA8-F48564E7F434}.Release|x86.Build.0 = Release|Any CPU
	EndGlobalSection
	GlobalSection(SolutionProperties) = preSolution
		HideSolutionNode = FALSE
	EndGlobalSection
	GlobalSection(ExtensibilityGlobals) = postSolution
		SolutionGuid = {B079B526-CF96-4511-A0CF-DC19FAC6F11E}
	EndGlobalSection
EndGlobal
